
Microsoft Visual Studio Solution File, Format Version 12.00
# Visual Studio Version 17
VisualStudioVersion = 17.7.34024.191
MinimumVisualStudioVersion = 10.0.40219.1
Project("{FAE04EC0-301F-11D3-BF4B-00C04F79EFBC}") = "backend_v2", "backend_v2.csproj", "{A9CA0B81-31CB-4433-924C-8FF290C4AE58}"
EndProject
Global
	GlobalSection(SolutionConfigurationPlatforms) = preSolution
		Debug|Any CPU = Debug|Any CPU
		Release|Any CPU = Release|Any CPU
	EndGlobalSection
	GlobalSection(ProjectConfigurationPlatforms) = postSolution
		{A9CA0B81-31CB-4433-924C-8FF290C4AE58}.Debug|Any CPU.ActiveCfg = Debug|Any CPU
		{A9CA0B81-31CB-4433-924C-8FF290C4AE58}.Debug|Any CPU.Build.0 = Debug|Any CPU
		{A9CA0B81-31CB-4433-924C-8FF290C4AE58}.Release|Any CPU.ActiveCfg = Release|Any CPU
		{A9CA0B81-31CB-4433-924C-8FF290C4AE58}.Release|Any CPU.Build.0 = Release|Any CPU
	EndGlobalSection
	GlobalSection(SolutionProperties) = preSolution
		HideSolutionNode = FALSE
	EndGlobalSection
	GlobalSection(ExtensibilityGlobals) = postSolution
		SolutionGuid = {96E3A903-D1BF-4D20-9E9B-1A7619953478}
	EndGlobalSection
EndGlobal
